// !$*UTF8*$!
{
	archiveVersion = 1;
	classes = {
	};
	objectVersion = 46;
	objects = {

/* Begin PBXBuildFile section */
		B5DB20B819CD1E6400C0B29E /* main.m in Sources */ = {isa = PBXBuildFile; fileRef = B5DB20B719CD1E6400C0B29E /* main.m */; };
		B5DB20BB19CD1E6400C0B29E /* AppDelegate.m in Sources */ = {isa = PBXBuildFile; fileRef = B5DB20BA19CD1E6400C0B29E /* AppDelegate.m */; };
		B5DB20BE19CD1E6400C0B29E /* ViewController.m in Sources */ = {isa = PBXBuildFile; fileRef = B5DB20BD19CD1E6400C0B29E /* ViewController.m */; };
		B5DB20C119CD1E6400C0B29E /* Main.storyboard in Resources */ = {isa = PBXBuildFile; fileRef = B5DB20BF19CD1E6400C0B29E /* Main.storyboard */; };
		B5DB20C319CD1E6400C0B29E /* Images.xcassets in Resources */ = {isa = PBXBuildFile; fileRef = B5DB20C219CD1E6400C0B29E /* Images.xcassets */; };
		B5DB20C619CD1E6400C0B29E /* LaunchScreen.xib in Resources */ = {isa = PBXBuildFile; fileRef = B5DB20C419CD1E6400C0B29E /* LaunchScreen.xib */; };
		B5DB20D219CD1E6400C0B29E /* FlyerScannerTests.m in Sources */ = {isa = PBXBuildFile; fileRef = B5DB20D119CD1E6400C0B29E /* FlyerScannerTests.m */; };
/* End PBXBuildFile section */

/* Begin PBXContainerItemProxy section */
		B5DB20CC19CD1E6400C0B29E /* PBXContainerItemProxy */ = {
			isa = PBXContainerItemProxy;
			containerPortal = B5DB20AA19CD1E6400C0B29E /* Project object */;
			proxyType = 1;
			remoteGlobalIDString = B5DB20B119CD1E6400C0B29E;
			remoteInfo = FlyerScanner;
		};
/* End PBXContainerItemProxy section */

/* Begin PBXFileReference section */
		B5DB20B219CD1E6400C0B29E /* FlyerScanner.app */ = {isa = PBXFileReference; explicitFileType = wrapper.application; includeInIndex = 0; path = FlyerScanner.app; sourceTree = BUILT_PRODUCTS_DIR; };
		B5DB20B619CD1E6400C0B29E /* Info.plist */ = {isa = PBXFileReference; lastKnownFileType = text.plist.xml; path = Info.plist; sourceTree = "<group>"; };
		B5DB20B719CD1E6400C0B29E /* main.m */ = {isa = PBXFileReference; lastKnownFileType = sourcecode.c.objc; path = main.m; sourceTree = "<group>"; };
		B5DB20B919CD1E6400C0B29E /* AppDelegate.h */ = {isa = PBXFileReference; lastKnownFileType = sourcecode.c.h; path = AppDelegate.h; sourceTree = "<group>"; };
		B5DB20BA19CD1E6400C0B29E /* AppDelegate.m */ = {isa = PBXFileReference; lastKnownFileType = sourcecode.c.objc; path = AppDelegate.m; sourceTree = "<group>"; };
		B5DB20BC19CD1E6400C0B29E /* ViewController.h */ = {isa = PBXFileReference; lastKnownFileType = sourcecode.c.h; path = ViewController.h; sourceTree = "<group>"; };
		B5DB20BD19CD1E6400C0B29E /* ViewController.m */ = {isa = PBXFileReference; lastKnownFileType = sourcecode.c.objc; path = ViewController.m; sourceTree = "<group>"; };
		B5DB20C019CD1E6400C0B29E /* Base */ = {isa = PBXFileReference; lastKnownFileType = file.storyboard; name = Base; path = Base.lproj/Main.storyboard; sourceTree = "<group>"; };
		B5DB20C219CD1E6400C0B29E /* Images.xcassets */ = {isa = PBXFileReference; lastKnownFileType = folder.assetcatalog; path = Images.xcassets; sourceTree = "<group>"; };
		B5DB20C519CD1E6400C0B29E /* Base */ = {isa = PBXFileReference; lastKnownFileType = file.xib; name = Base; path = Base.lproj/LaunchScreen.xib; sourceTree = "<group>"; };
		B5DB20CB19CD1E6400C0B29E /* FlyerScannerTests.xctest */ = {isa = PBXFileReference; explicitFileType = wrapper.cfbundle; includeInIndex = 0; path = FlyerScannerTests.xctest; sourceTree = BUILT_PRODUCTS_DIR; };
		B5DB20D019CD1E6400C0B29E /* Info.plist */ = {isa = PBXFileReference; lastKnownFileType = text.plist.xml; path = Info.plist; sourceTree = "<group>"; };
		B5DB20D119CD1E6400C0B29E /* FlyerScannerTests.m */ = {isa = PBXFileReference; lastKnownFileType = sourcecode.c.objc; path = FlyerScannerTests.m; sourceTree = "<group>"; };
/* End PBXFileReference section */

/* Begin PBXFrameworksBuildPhase section */
		B5DB20AF19CD1E6400C0B29E /* Frameworks */ = {
			isa = PBXFrameworksBuildPhase;
			buildActionMask = 2147483647;
			files = (
			);
			runOnlyForDeploymentPostprocessing = 0;
		};
		B5DB20C819CD1E6400C0B29E /* Frameworks */ = {
			isa = PBXFrameworksBuildPhase;
			buildActionMask = 2147483647;
			files = (
			);
			runOnlyForDeploymentPostprocessing = 0;
		};
/* End PBXFrameworksBuildPhase section */

/* Begin PBXGroup section */
		B5DB20A919CD1E6400C0B29E = {
			isa = PBXGroup;
			children = (
				B5DB20B419CD1E6400C0B29E /* FlyerScanner */,
				B5DB20CE19CD1E6400C0B29E /* FlyerScannerTests */,
				B5DB20B319CD1E6400C0B29E /* Products */,
			);
			sourceTree = "<group>";
		};
		B5DB20B319CD1E6400C0B29E /* Products */ = {
			isa = PBXGroup;
			children = (
				B5DB20B219CD1E6400C0B29E /* FlyerScanner.app */,
				B5DB20CB19CD1E6400C0B29E /* FlyerScannerTests.xctest */,
			);
			name = Products;
			sourceTree = "<group>";
		};
		B5DB20B419CD1E6400C0B29E /* FlyerScanner */ = {
			isa = PBXGroup;
			children = (
				B5DB20B919CD1E6400C0B29E /* AppDelegate.h */,
				B5DB20BA19CD1E6400C0B29E /* AppDelegate.m */,
				B5DB20BC19CD1E6400C0B29E /* ViewController.h */,
				B5DB20BD19CD1E6400C0B29E /* ViewController.m */,
				B5DB20BF19CD1E6400C0B29E /* Main.storyboard */,
				B5DB20C219CD1E6400C0B29E /* Images.xcassets */,
				B5DB20C419CD1E6400C0B29E /* LaunchScreen.xib */,
				B5DB20B519CD1E6400C0B29E /* Supporting Files */,
			);
			path = FlyerScanner;
			sourceTree = "<group>";
		};
		B5DB20B519CD1E6400C0B29E /* Supporting Files */ = {
			isa = PBXGroup;
			children = (
				B5DB20B619CD1E6400C0B29E /* Info.plist */,
				B5DB20B719CD1E6400C0B29E /* main.m */,
			);
			name = "Supporting Files";
			sourceTree = "<group>";
		};
		B5DB20CE19CD1E6400C0B29E /* FlyerScannerTests */ = {
			isa = PBXGroup;
			children = (
				B5DB20D119CD1E6400C0B29E /* FlyerScannerTests.m */,
				B5DB20CF19CD1E6400C0B29E /* Supporting Files */,
			);
			path = FlyerScannerTests;
			sourceTree = "<group>";
		};
		B5DB20CF19CD1E6400C0B29E /* Supporting Files */ = {
			isa = PBXGroup;
			children = (
				B5DB20D019CD1E6400C0B29E /* Info.plist */,
			);
			name = "Supporting Files";
			sourceTree = "<group>";
		};
/* End PBXGroup section */

/* Begin PBXNativeTarget section */
		B5DB20B119CD1E6400C0B29E /* FlyerScanner */ = {
			isa = PBXNativeTarget;
			buildConfigurationList = B5DB20D519CD1E6400C0B29E /* Build configuration list for PBXNativeTarget "FlyerScanner" */;
			buildPhases = (
				B5DB20AE19CD1E6400C0B29E /* Sources */,
				B5DB20AF19CD1E6400C0B29E /* Frameworks */,
				B5DB20B019CD1E6400C0B29E /* Resources */,
			);
			buildRules = (
			);
			dependencies = (
			);
			name = FlyerScanner;
			productName = FlyerScanner;
			productReference = B5DB20B219CD1E6400C0B29E /* FlyerScanner.app */;
			productType = "com.apple.product-type.application";
		};
		B5DB20CA19CD1E6400C0B29E /* FlyerScannerTests */ = {
			isa = PBXNativeTarget;
			buildConfigurationList = B5DB20D819CD1E6400C0B29E /* Build configuration list for PBXNativeTarget "FlyerScannerTests" */;
			buildPhases = (
				B5DB20C719CD1E6400C0B29E /* Sources */,
				B5DB20C819CD1E6400C0B29E /* Frameworks */,
				B5DB20C919CD1E6400C0B29E /* Resources */,
			);
			buildRules = (
			);
			dependencies = (
				B5DB20CD19CD1E6400C0B29E /* PBXTargetDependency */,
			);
			name = FlyerScannerTests;
			productName = FlyerScannerTests;
			productReference = B5DB20CB19CD1E6400C0B29E /* FlyerScannerTests.xctest */;
			productType = "com.apple.product-type.bundle.unit-test";
		};
/* End PBXNativeTarget section */

/* Begin PBXProject section */
		B5DB20AA19CD1E6400C0B29E /* Project object */ = {
			isa = PBXProject;
			attributes = {
				LastUpgradeCheck = 0600;
				ORGANIZATIONNAME = "Lin Dong";
				TargetAttributes = {
					B5DB20B119CD1E6400C0B29E = {
						CreatedOnToolsVersion = 6.0.1;
						DevelopmentTeam = 8Y97K5WJV8;
					};
					B5DB20CA19CD1E6400C0B29E = {
						CreatedOnToolsVersion = 6.0.1;
						TestTargetID = B5DB20B119CD1E6400C0B29E;
					};
				};
			};
			buildConfigurationList = B5DB20AD19CD1E6400C0B29E /* Build configuration list for PBXProject "FlyerScanner" */;
			compatibilityVersion = "Xcode 3.2";
			developmentRegion = English;
			hasScannedForEncodings = 0;
			knownRegions = (
				en,
				Base,
			);
			mainGroup = B5DB20A919CD1E6400C0B29E;
			productRefGroup = B5DB20B319CD1E6400C0B29E /* Products */;
			projectDirPath = "";
			projectRoot = "";
			targets = (
				B5DB20B119CD1E6400C0B29E /* FlyerScanner */,
				B5DB20CA19CD1E6400C0B29E /* FlyerScannerTests */,
			);
		};
/* End PBXProject section */

/* Begin PBXResourcesBuildPhase section */
		B5DB20B019CD1E6400C0B29E /* Resources */ = {
			isa = PBXResourcesBuildPhase;
			buildActionMask = 2147483647;
			files = (
				B5DB20C119CD1E6400C0B29E /* Main.storyboard in Resources */,
				B5DB20C619CD1E6400C0B29E /* LaunchScreen.xib in Resources */,
				B5DB20C319CD1E6400C0B29E /* Images.xcassets in Resources */,
			);
			runOnlyForDeploymentPostprocessing = 0;
		};
		B5DB20C919CD1E6400C0B29E /* Resources */ = {
			isa = PBXResourcesBuildPhase;
			buildActionMask = 2147483647;
			files = (
			);
			runOnlyForDeploymentPostprocessing = 0;
		};
/* End PBXResourcesBuildPhase section */

/* Begin PBXSourcesBuildPhase section */
		B5DB20AE19CD1E6400C0B29E /* Sources */ = {
			isa = PBXSourcesBuildPhase;
			buildActionMask = 2147483647;
			files = (
				B5DB20BE19CD1E6400C0B29E /* ViewController.m in Sources */,
				B5DB20BB19CD1E6400C0B29E /* AppDelegate.m in Sources */,
				B5DB20B819CD1E6400C0B29E /* main.m in Sources */,
			);
			runOnlyForDeploymentPostprocessing = 0;
		};
		B5DB20C719CD1E6400C0B29E /* Sources */ = {
			isa = PBXSourcesBuildPhase;
			buildActionMask = 2147483647;
			files = (
				B5DB20D219CD1E6400C0B29E /* FlyerScannerTests.m in Sources */,
			);
			runOnlyForDeploymentPostprocessing = 0;
		};
/* End PBXSourcesBuildPhase section */

/* Begin PBXTargetDependency section */
		B5DB20CD19CD1E6400C0B29E /* PBXTargetDependency */ = {
			isa = PBXTargetDependency;
			target = B5DB20B119CD1E6400C0B29E /* FlyerScanner */;
			targetProxy = B5DB20CC19CD1E6400C0B29E /* PBXContainerItemProxy */;
		};
/* End PBXTargetDependency section */

/* Begin PBXVariantGroup section */
		B5DB20BF19CD1E6400C0B29E /* Main.storyboard */ = {
			isa = PBXVariantGroup;
			children = (
				B5DB20C019CD1E6400C0B29E /* Base */,
			);
			name = Main.storyboard;
			sourceTree = "<group>";
		};
		B5DB20C419CD1E6400C0B29E /* LaunchScreen.xib */ = {
			isa = PBXVariantGroup;
			children = (
				B5DB20C519CD1E6400C0B29E /* Base */,
			);
			name = LaunchScreen.xib;
			sourceTree = "<group>";
		};
/* End PBXVariantGroup section */

/* Begin XCBuildConfiguration section */
		B5DB20D319CD1E6400C0B29E /* Debug */ = {
			isa = XCBuildConfiguration;
			buildSettings = {
				ALWAYS_SEARCH_USER_PATHS = NO;
				CLANG_CXX_LANGUAGE_STANDARD = "gnu++0x";
				CLANG_CXX_LIBRARY = "libc++";
				CLANG_ENABLE_MODULES = YES;
				CLANG_ENABLE_OBJC_ARC = YES;
				CLANG_WARN_BOOL_CONVERSION = YES;
				CLANG_WARN_CONSTANT_CONVERSION = YES;
				CLANG_WARN_DIRECT_OBJC_ISA_USAGE = YES_ERROR;
				CLANG_WARN_EMPTY_BODY = YES;
				CLANG_WARN_ENUM_CONVERSION = YES;
				CLANG_WARN_INT_CONVERSION = YES;
				CLANG_WARN_OBJC_ROOT_CLASS = YES_ERROR;
				CLANG_WARN_UNREACHABLE_CODE = YES;
				CLANG_WARN__DUPLICATE_METHOD_MATCH = YES;
				"CODE_SIGN_IDENTITY[sdk=iphoneos*]" = "iPhone Developer";
				COPY_PHASE_STRIP = NO;
				ENABLE_STRICT_OBJC_MSGSEND = YES;
				GCC_C_LANGUAGE_STANDARD = gnu99;
				GCC_DYNAMIC_NO_PIC = NO;
				GCC_OPTIMIZATION_LEVEL = 0;
				GCC_PREPROCESSOR_DEFINITIONS = (
					"DEBUG=1",
					"$(inherited)",
				);
				GCC_SYMBOLS_PRIVATE_EXTERN = NO;
				GCC_WARN_64_TO_32_BIT_CONVERSION = YES;
				GCC_WARN_ABOUT_RETURN_TYPE = YES_ERROR;
				GCC_WARN_UNDECLARED_SELECTOR = YES;
				GCC_WARN_UNINITIALIZED_AUTOS = YES_AGGRESSIVE;
				GCC_WARN_UNUSED_FUNCTION = YES;
				GCC_WARN_UNUSED_VARIABLE = YES;
				IPHONEOS_DEPLOYMENT_TARGET = 7.0;
				MTL_ENABLE_DEBUG_INFO = YES;
				ONLY_ACTIVE_ARCH = YES;
				SDKROOT = iphoneos;
				TARGETED_DEVICE_FAMILY = 2;
			};
			name = Debug;
		};
		B5DB20D419CD1E6400C0B29E /* Release */ = {
			isa = XCBuildConfiguration;
			buildSettings = {
				ALWAYS_SEARCH_USER_PATHS = NO;
				CLANG_CXX_LANGUAGE_STANDARD = "gnu++0x";
				CLANG_CXX_LIBRARY = "libc++";
				CLANG_ENABLE_MODULES = YES;
				CLANG_ENABLE_OBJC_ARC = YES;
				CLANG_WARN_BOOL_CONVERSION = YES;
				CLANG_WARN_CONSTANT_CONVERSION = YES;
				CLANG_WARN_DIRECT_OBJC_ISA_USAGE = YES_ERROR;
				CLANG_WARN_EMPTY_BODY = YES;
				CLANG_WARN_ENUM_CONVERSION = YES;
				CLANG_WARN_INT_CONVERSION = YES;
				CLANG_WARN_OBJC_ROOT_CLASS = YES_ERROR;
				CLANG_WARN_UNREACHABLE_CODE = YES;
				CLANG_WARN__DUPLICATE_METHOD_MATCH = YES;
				"CODE_SIGN_IDENTITY[sdk=iphoneos*]" = "iPhone Developer";
				COPY_PHASE_STRIP = YES;
				ENABLE_NS_ASSERTIONS = NO;
				ENABLE_STRICT_OBJC_MSGSEND = YES;
				GCC_C_LANGUAGE_STANDARD = gnu99;
				GCC_WARN_64_TO_32_BIT_CONVERSION = YES;
				GCC_WARN_ABOUT_RETURN_TYPE = YES_ERROR;
				GCC_WARN_UNDECLARED_SELECTOR = YES;
				GCC_WARN_UNINITIALIZED_AUTOS = YES_AGGRESSIVE;
				GCC_WARN_UNUSED_FUNCTION = YES;
				GCC_WARN_UNUSED_VARIABLE = YES;
				IPHONEOS_DEPLOYMENT_TARGET = 7.0;
				MTL_ENABLE_DEBUG_INFO = NO;
				SDKROOT = iphoneos;
				TARGETED_DEVICE_FAMILY = 2;
				VALIDATE_PRODUCT = YES;
			};
			name = Release;
		};
		B5DB20D619CD1E6400C0B29E /* Debug */ = {
			isa = XCBuildConfiguration;
			buildSettings = {
				ASSETCATALOG_COMPILER_APPICON_NAME = AppIcon;
				CODE_SIGN_IDENTITY = "iPhone Developer";
				INFOPLIST_FILE = FlyerScanner/Info.plist;
				IPHONEOS_DEPLOYMENT_TARGET = 7.0;
				LD_RUNPATH_SEARCH_PATHS = "$(inherited) @executable_path/Frameworks";
				PRODUCT_NAME = "$(TARGET_NAME)";
			};
			name = Debug;
		};
		B5DB20D719CD1E6400C0B29E /* Release */ = {
			isa = XCBuildConfiguration;
			buildSettings = {
				ASSETCATALOG_COMPILER_APPICON_NAME = AppIcon;
				CODE_SIGN_IDENTITY = "iPhone Developer";
				INFOPLIST_FILE = FlyerScanner/Info.plist;
				IPHONEOS_DEPLOYMENT_TARGET = 7.0;
				LD_RUNPATH_SEARCH_PATHS = "$(inherited) @executable_path/Frameworks";
				PRODUCT_NAME = "$(TARGET_NAME)";
			};
			name = Release;
		};
		B5DB20D919CD1E6400C0B29E /* Debug */ = {
			isa = XCBuildConfiguration;
			buildSettings = {
				BUNDLE_LOADER = "$(TEST_HOST)";
				FRAMEWORK_SEARCH_PATHS = (
					"$(SDKROOT)/Developer/Library/Frameworks",
					"$(inherited)",
				);
				GCC_PREPROCESSOR_DEFINITIONS = (
					"DEBUG=1",
					"$(inherited)",
				);
				INFOPLIST_FILE = FlyerScannerTests/Info.plist;
				LD_RUNPATH_SEARCH_PATHS = "$(inherited) @executable_path/Frameworks @loader_path/Frameworks";
				PRODUCT_NAME = "$(TARGET_NAME)";
				TEST_HOST = "$(BUILT_PRODUCTS_DIR)/FlyerScanner.app/FlyerScanner";
			};
			name = Debug;
		};
		B5DB20DA19CD1E6400C0B29E /* Release */ = {
			isa = XCBuildConfiguration;
			buildSettings = {
				BUNDLE_LOADER = "$(TEST_HOST)";
				FRAMEWORK_SEARCH_PATHS = (
					"$(SDKROOT)/Developer/Library/Frameworks",
					"$(inherited)",
				);
				INFOPLIST_FILE = FlyerScannerTests/Info.plist;
				LD_RUNPATH_SEARCH_PATHS = "$(inherited) @executable_path/Frameworks @loader_path/Frameworks";
				PRODUCT_NAME = "$(TARGET_NAME)";
				TEST_HOST = "$(BUILT_PRODUCTS_DIR)/FlyerScanner.app/FlyerScanner";
			};
			name = Release;
		};
/* End XCBuildConfiguration section */

/* Begin XCConfigurationList section */
		B5DB20AD19CD1E6400C0B29E /* Build configuration list for PBXProject "FlyerScanner" */ = {
			isa = XCConfigurationList;
			buildConfigurations = (
				B5DB20D319CD1E6400C0B29E /* Debug */,
				B5DB20D419CD1E6400C0B29E /* Release */,
			);
			defaultConfigurationIsVisible = 0;
			defaultConfigurationName = Release;
		};
		B5DB20D519CD1E6400C0B29E /* Build configuration list for PBXNativeTarget "FlyerScanner" */ = {
			isa = XCConfigurationList;
			buildConfigurations = (
				B5DB20D619CD1E6400C0B29E /* Debug */,
				B5DB20D719CD1E6400C0B29E /* Release */,
			);
			defaultConfigurationIsVisible = 0;
		};
		B5DB20D819CD1E6400C0B29E /* Build configuration list for PBXNativeTarget "FlyerScannerTests" */ = {
			isa = XCConfigurationList;
			buildConfigurations = (
				B5DB20D919CD1E6400C0B29E /* Debug */,
				B5DB20DA19CD1E6400C0B29E /* Release */,
			);
			defaultConfigurationIsVisible = 0;
		};
/* End XCConfigurationList section */
	};
	rootObject = B5DB20AA19CD1E6400C0B29E /* Project object */;
}
